
Microsoft Visual Studio Solution File, Format Version 12.00
# Visual Studio Version 16
VisualStudioVersion = 16.0.30330.147
MinimumVisualStudioVersion = 10.0.40219.1
Project("{FAE04EC0-301F-11D3-BF4B-00C04F79EFBC}") = "Controller Input Display", "Controller Input Display\Controller Input Display.csproj", "{F2D33640-BA21-40B4-B320-2D854381C5EF}"
EndProject
Global
	GlobalSection(SolutionConfigurationPlatforms) = preSolution
		Debug|Any CPU = Debug|Any CPU
		Release|Any CPU = Release|Any CPU
	EndGlobalSection
	GlobalSection(ProjectConfigurationPlatforms) = postSolution
		{F2D33640-BA21-40B4-B320-2D854381C5EF}.Debug|Any CPU.ActiveCfg = Debug|Any CPU
		{F2D33640-BA21-40B4-B320-2D854381C5EF}.Debug|Any CPU.Build.0 = Debug|Any CPU
		{F2D33640-BA21-40B4-B320-2D854381C5EF}.Release|Any CPU.ActiveCfg = Release|Any CPU
		{F2D33640-BA21-40B4-B320-2D854381C5EF}.Release|Any CPU.Build.0 = Release|Any CPU
	EndGlobalSection
	GlobalSection(SolutionProperties) = preSolution
		HideSolutionNode = FALSE
	EndGlobalSection
	GlobalSection(ExtensibilityGlobals) = postSolution
		SolutionGuid = {4B399E9E-567E-4D32-B34D-9B7A52303FBF}
	EndGlobalSection
EndGlobal
